// !$*UTF8*$!
{
	archiveVersion = 1;
	classes = {
	};
	objectVersion = 48;
	objects = {

/* Begin PBXBuildFile section */
		CD0BC6281FD0CCB10074B581 /* AppDelegate.swift in Sources */ = {isa = PBXBuildFile; fileRef = CD0BC6271FD0CCB10074B581 /* AppDelegate.swift */; };
		CD0BC62A1FD0CCB10074B581 /* GameScene.sks in Resources */ = {isa = PBXBuildFile; fileRef = CD0BC6291FD0CCB10074B581 /* GameScene.sks */; };
		CD0BC62C1FD0CCB10074B581 /* Actions.sks in Resources */ = {isa = PBXBuildFile; fileRef = CD0BC62B1FD0CCB10074B581 /* Actions.sks */; };
		CD0BC62E1FD0CCB10074B581 /* GameScene.swift in Sources */ = {isa = PBXBuildFile; fileRef = CD0BC62D1FD0CCB10074B581 /* GameScene.swift */; };
		CD0BC6301FD0CCB10074B581 /* GameViewController.swift in Sources */ = {isa = PBXBuildFile; fileRef = CD0BC62F1FD0CCB10074B581 /* GameViewController.swift */; };
		CD0BC6331FD0CCB10074B581 /* Main.storyboard in Resources */ = {isa = PBXBuildFile; fileRef = CD0BC6311FD0CCB10074B581 /* Main.storyboard */; };
		CD0BC6351FD0CCB10074B581 /* Assets.xcassets in Resources */ = {isa = PBXBuildFile; fileRef = CD0BC6341FD0CCB10074B581 /* Assets.xcassets */; };
		CD0BC6381FD0CCB10074B581 /* LaunchScreen.storyboard in Resources */ = {isa = PBXBuildFile; fileRef = CD0BC6361FD0CCB10074B581 /* LaunchScreen.storyboard */; };
		CD0BC6431FD0CCB10074B581 /* FancyAppTests.swift in Sources */ = {isa = PBXBuildFile; fileRef = CD0BC6421FD0CCB10074B581 /* FancyAppTests.swift */; };
		CD0BC64E1FD0CCB10074B581 /* FancyAppUITests.swift in Sources */ = {isa = PBXBuildFile; fileRef = CD0BC64D1FD0CCB10074B581 /* FancyAppUITests.swift */; };
		E2D5ABB1ADF5F7EB44134757 /* Pods_FancyAppTests.framework in Frameworks */ = {isa = PBXBuildFile; fileRef = C60DB9136ADB66957AF398AB /* Pods_FancyAppTests.framework */; };
		EEAE3E324E4FE48B1BBCA1EC /* Pods_FancyAppUITests.framework in Frameworks */ = {isa = PBXBuildFile; fileRef = 6AA417B3F352A2E4827FA2F9 /* Pods_FancyAppUITests.framework */; };
		FD3FC12F5DEEEC8250A9A67B /* Pods_FancyApp.framework in Frameworks */ = {isa = PBXBuildFile; fileRef = A705B41F6E643297E90EF135 /* Pods_FancyApp.framework */; };
/* End PBXBuildFile section */

/* Begin PBXContainerItemProxy section */
		CD0BC63F1FD0CCB10074B581 /* PBXContainerItemProxy */ = {
			isa = PBXContainerItemProxy;
			containerPortal = CD0BC61C1FD0CCB10074B581 /* Project object */;
			proxyType = 1;
			remoteGlobalIDString = CD0BC6231FD0CCB10074B581;
			remoteInfo = FancyApp;
		};
		CD0BC64A1FD0CCB10074B581 /* PBXContainerItemProxy */ = {
			isa = PBXContainerItemProxy;
			containerPortal = CD0BC61C1FD0CCB10074B581 /* Project object */;
			proxyType = 1;
			remoteGlobalIDString = CD0BC6231FD0CCB10074B581;
			remoteInfo = FancyApp;
		};
/* End PBXContainerItemProxy section */

/* Begin PBXFileReference section */
		2FC887B51E0AA47CE066CD54 /* Pods-FancyAppUITests.release.xcconfig */ = {isa = PBXFileReference; includeInIndex = 1; lastKnownFileType = text.xcconfig; name = "Pods-FancyAppUITests.release.xcconfig"; path = "Pods/Target Support Files/Pods-FancyAppUITests/Pods-FancyAppUITests.release.xcconfig"; sourceTree = "<group>"; };
		6AA417B3F352A2E4827FA2F9 /* Pods_FancyAppUITests.framework */ = {isa = PBXFileReference; explicitFileType = wrapper.framework; includeInIndex = 0; path = Pods_FancyAppUITests.framework; sourceTree = BUILT_PRODUCTS_DIR; };
		7C5D614183B046349E1D8D11 /* Pods-FancyAppTests.release.xcconfig */ = {isa = PBXFileReference; includeInIndex = 1; lastKnownFileType = text.xcconfig; name = "Pods-FancyAppTests.release.xcconfig"; path = "Pods/Target Support Files/Pods-FancyAppTests/Pods-FancyAppTests.release.xcconfig"; sourceTree = "<group>"; };
		A02BB46D84CE1BFDDCB29306 /* Pods-FancyApp.debug.xcconfig */ = {isa = PBXFileReference; includeInIndex = 1; lastKnownFileType = text.xcconfig; name = "Pods-FancyApp.debug.xcconfig"; path = "Pods/Target Support Files/Pods-FancyApp/Pods-FancyApp.debug.xcconfig"; sourceTree = "<group>"; };
		A705B41F6E643297E90EF135 /* Pods_FancyApp.framework */ = {isa = PBXFileReference; explicitFileType = wrapper.framework; includeInIndex = 0; path = Pods_FancyApp.framework; sourceTree = BUILT_PRODUCTS_DIR; };
		ACE77F78657A65AF8D30CB71 /* Pods-FancyApp.release.xcconfig */ = {isa = PBXFileReference; includeInIndex = 1; lastKnownFileType = text.xcconfig; name = "Pods-FancyApp.release.xcconfig"; path = "Pods/Target Support Files/Pods-FancyApp/Pods-FancyApp.release.xcconfig"; sourceTree = "<group>"; };
		C60DB9136ADB66957AF398AB /* Pods_FancyAppTests.framework */ = {isa = PBXFileReference; explicitFileType = wrapper.framework; includeInIndex = 0; path = Pods_FancyAppTests.framework; sourceTree = BUILT_PRODUCTS_DIR; };
		CD0BC6241FD0CCB10074B581 /* FancyApp.app */ = {isa = PBXFileReference; explicitFileType = wrapper.application; includeInIndex = 0; path = FancyApp.app; sourceTree = BUILT_PRODUCTS_DIR; };
		CD0BC6271FD0CCB10074B581 /* AppDelegate.swift */ = {isa = PBXFileReference; lastKnownFileType = sourcecode.swift; path = AppDelegate.swift; sourceTree = "<group>"; };
		CD0BC6291FD0CCB10074B581 /* GameScene.sks */ = {isa = PBXFileReference; lastKnownFileType = file.sks; path = GameScene.sks; sourceTree = "<group>"; };
		CD0BC62B1FD0CCB10074B581 /* Actions.sks */ = {isa = PBXFileReference; lastKnownFileType = file.sks; path = Actions.sks; sourceTree = "<group>"; };
		CD0BC62D1FD0CCB10074B581 /* GameScene.swift */ = {isa = PBXFileReference; lastKnownFileType = sourcecode.swift; path = GameScene.swift; sourceTree = "<group>"; };
		CD0BC62F1FD0CCB10074B581 /* GameViewController.swift */ = {isa = PBXFileReference; lastKnownFileType = sourcecode.swift; path = GameViewController.swift; sourceTree = "<group>"; };
		CD0BC6321FD0CCB10074B581 /* Base */ = {isa = PBXFileReference; lastKnownFileType = file.storyboard; name = Base; path = Base.lproj/Main.storyboard; sourceTree = "<group>"; };
		CD0BC6341FD0CCB10074B581 /* Assets.xcassets */ = {isa = PBXFileReference; lastKnownFileType = folder.assetcatalog; path = Assets.xcassets; sourceTree = "<group>"; };
		CD0BC6371FD0CCB10074B581 /* Base */ = {isa = PBXFileReference; lastKnownFileType = file.storyboard; name = Base; path = Base.lproj/LaunchScreen.storyboard; sourceTree = "<group>"; };
		CD0BC6391FD0CCB10074B581 /* Info.plist */ = {isa = PBXFileReference; lastKnownFileType = text.plist.xml; path = Info.plist; sourceTree = "<group>"; };
		CD0BC63E1FD0CCB10074B581 /* FancyAppTests.xctest */ = {isa = PBXFileReference; explicitFileType = wrapper.cfbundle; includeInIndex = 0; path = FancyAppTests.xctest; sourceTree = BUILT_PRODUCTS_DIR; };
		CD0BC6421FD0CCB10074B581 /* FancyAppTests.swift */ = {isa = PBXFileReference; lastKnownFileType = sourcecode.swift; path = FancyAppTests.swift; sourceTree = "<group>"; };
		CD0BC6441FD0CCB10074B581 /* Info.plist */ = {isa = PBXFileReference; lastKnownFileType = text.plist.xml; path = Info.plist; sourceTree = "<group>"; };
		CD0BC6491FD0CCB10074B581 /* FancyAppUITests.xctest */ = {isa = PBXFileReference; explicitFileType = wrapper.cfbundle; includeInIndex = 0; path = FancyAppUITests.xctest; sourceTree = BUILT_PRODUCTS_DIR; };
		CD0BC64D1FD0CCB10074B581 /* FancyAppUITests.swift */ = {isa = PBXFileReference; lastKnownFileType = sourcecode.swift; path = FancyAppUITests.swift; sourceTree = "<group>"; };
		CD0BC64F1FD0CCB10074B581 /* Info.plist */ = {isa = PBXFileReference; lastKnownFileType = text.plist.xml; path = Info.plist; sourceTree = "<group>"; };
		D8B1FBA3537677D7374B58E0 /* Pods-FancyAppUITests.debug.xcconfig */ = {isa = PBXFileReference; includeInIndex = 1; lastKnownFileType = text.xcconfig; name = "Pods-FancyAppUITests.debug.xcconfig"; path = "Pods/Target Support Files/Pods-FancyAppUITests/Pods-FancyAppUITests.debug.xcconfig"; sourceTree = "<group>"; };
		DD4AB8E1A6C0BD31AC08B772 /* Pods-FancyAppTests.debug.xcconfig */ = {isa = PBXFileReference; includeInIndex = 1; lastKnownFileType = text.xcconfig; name = "Pods-FancyAppTests.debug.xcconfig"; path = "Pods/Target Support Files/Pods-FancyAppTests/Pods-FancyAppTests.debug.xcconfig"; sourceTree = "<group>"; };
/* End PBXFileReference section */

/* Begin PBXFrameworksBuildPhase section */
		CD0BC6211FD0CCB10074B581 /* Frameworks */ = {
			isa = PBXFrameworksBuildPhase;
			buildActionMask = 2147483647;
			files = (
				FD3FC12F5DEEEC8250A9A67B /* Pods_FancyApp.framework in Frameworks */,
			);
			runOnlyForDeploymentPostprocessing = 0;
		};
		CD0BC63B1FD0CCB10074B581 /* Frameworks */ = {
			isa = PBXFrameworksBuildPhase;
			buildActionMask = 2147483647;
			files = (
				E2D5ABB1ADF5F7EB44134757 /* Pods_FancyAppTests.framework in Frameworks */,
			);
			runOnlyForDeploymentPostprocessing = 0;
		};
		CD0BC6461FD0CCB10074B581 /* Frameworks */ = {
			isa = PBXFrameworksBuildPhase;
			buildActionMask = 2147483647;
			files = (
				EEAE3E324E4FE48B1BBCA1EC /* Pods_FancyAppUITests.framework in Frameworks */,
			);
			runOnlyForDeploymentPostprocessing = 0;
		};
/* End PBXFrameworksBuildPhase section */

/* Begin PBXGroup section */
		36F5EAE9E7816E77D8D3B69D /* Frameworks */ = {
			isa = PBXGroup;
			children = (
				A705B41F6E643297E90EF135 /* Pods_FancyApp.framework */,
				C60DB9136ADB66957AF398AB /* Pods_FancyAppTests.framework */,
				6AA417B3F352A2E4827FA2F9 /* Pods_FancyAppUITests.framework */,
			);
			name = Frameworks;
			sourceTree = "<group>";
		};
		499AA9A428DD4F9C6430C048 /* Pods */ = {
			isa = PBXGroup;
			children = (
				A02BB46D84CE1BFDDCB29306 /* Pods-FancyApp.debug.xcconfig */,
				ACE77F78657A65AF8D30CB71 /* Pods-FancyApp.release.xcconfig */,
				DD4AB8E1A6C0BD31AC08B772 /* Pods-FancyAppTests.debug.xcconfig */,
				7C5D614183B046349E1D8D11 /* Pods-FancyAppTests.release.xcconfig */,
				D8B1FBA3537677D7374B58E0 /* Pods-FancyAppUITests.debug.xcconfig */,
				2FC887B51E0AA47CE066CD54 /* Pods-FancyAppUITests.release.xcconfig */,
			);
			name = Pods;
			sourceTree = "<group>";
		};
		CD0BC61B1FD0CCB10074B581 = {
			isa = PBXGroup;
			children = (
				CD0BC6261FD0CCB10074B581 /* FancyApp */,
				CD0BC6411FD0CCB10074B581 /* FancyAppTests */,
				CD0BC64C1FD0CCB10074B581 /* FancyAppUITests */,
				CD0BC6251FD0CCB10074B581 /* Products */,
				499AA9A428DD4F9C6430C048 /* Pods */,
				36F5EAE9E7816E77D8D3B69D /* Frameworks */,
			);
			sourceTree = "<group>";
		};
		CD0BC6251FD0CCB10074B581 /* Products */ = {
			isa = PBXGroup;
			children = (
				CD0BC6241FD0CCB10074B581 /* FancyApp.app */,
				CD0BC63E1FD0CCB10074B581 /* FancyAppTests.xctest */,
				CD0BC6491FD0CCB10074B581 /* FancyAppUITests.xctest */,
			);
			name = Products;
			sourceTree = "<group>";
		};
		CD0BC6261FD0CCB10074B581 /* FancyApp */ = {
			isa = PBXGroup;
			children = (
				CD0BC6271FD0CCB10074B581 /* AppDelegate.swift */,
				CD0BC6291FD0CCB10074B581 /* GameScene.sks */,
				CD0BC62B1FD0CCB10074B581 /* Actions.sks */,
				CD0BC62D1FD0CCB10074B581 /* GameScene.swift */,
				CD0BC62F1FD0CCB10074B581 /* GameViewController.swift */,
				CD0BC6311FD0CCB10074B581 /* Main.storyboard */,
				CD0BC6341FD0CCB10074B581 /* Assets.xcassets */,
				CD0BC6361FD0CCB10074B581 /* LaunchScreen.storyboard */,
				CD0BC6391FD0CCB10074B581 /* Info.plist */,
			);
			path = FancyApp;
			sourceTree = "<group>";
		};
		CD0BC6411FD0CCB10074B581 /* FancyAppTests */ = {
			isa = PBXGroup;
			children = (
				CD0BC6421FD0CCB10074B581 /* FancyAppTests.swift */,
				CD0BC6441FD0CCB10074B581 /* Info.plist */,
			);
			path = FancyAppTests;
			sourceTree = "<group>";
		};
		CD0BC64C1FD0CCB10074B581 /* FancyAppUITests */ = {
			isa = PBXGroup;
			children = (
				CD0BC64D1FD0CCB10074B581 /* FancyAppUITests.swift */,
				CD0BC64F1FD0CCB10074B581 /* Info.plist */,
			);
			path = FancyAppUITests;
			sourceTree = "<group>";
		};
/* End PBXGroup section */

/* Begin PBXNativeTarget section */
		CD0BC6231FD0CCB10074B581 /* FancyApp */ = {
			isa = PBXNativeTarget;
			buildConfigurationList = CD0BC6521FD0CCB10074B581 /* Build configuration list for PBXNativeTarget "FancyApp" */;
			buildPhases = (
				1D8656BAD0773137F83BFE33 /* [CP] Check Pods Manifest.lock */,
				CD0BC6201FD0CCB10074B581 /* Sources */,
				CD0BC6211FD0CCB10074B581 /* Frameworks */,
				CD0BC6221FD0CCB10074B581 /* Resources */,
				AD3D65F0A41B3BC13DD11D92 /* [CP] Embed Pods Frameworks */,
				88624FA936C02749CC18055D /* [CP] Copy Pods Resources */,
			);
			buildRules = (
			);
			dependencies = (
			);
			name = FancyApp;
			productName = FancyApp;
			productReference = CD0BC6241FD0CCB10074B581 /* FancyApp.app */;
			productType = "com.apple.product-type.application";
		};
		CD0BC63D1FD0CCB10074B581 /* FancyAppTests */ = {
			isa = PBXNativeTarget;
			buildConfigurationList = CD0BC6551FD0CCB10074B581 /* Build configuration list for PBXNativeTarget "FancyAppTests" */;
			buildPhases = (
				3523F1B03A068D8A0501240B /* [CP] Check Pods Manifest.lock */,
				CD0BC63A1FD0CCB10074B581 /* Sources */,
				CD0BC63B1FD0CCB10074B581 /* Frameworks */,
				CD0BC63C1FD0CCB10074B581 /* Resources */,
				6DFF0514B6FA4374DDDA8E36 /* [CP] Embed Pods Frameworks */,
				BEC5700EA8184D58BC8ABA7F /* [CP] Copy Pods Resources */,
			);
			buildRules = (
			);
			dependencies = (
				CD0BC6401FD0CCB10074B581 /* PBXTargetDependency */,
			);
			name = FancyAppTests;
			productName = FancyAppTests;
			productReference = CD0BC63E1FD0CCB10074B581 /* FancyAppTests.xctest */;
			productType = "com.apple.product-type.bundle.unit-test";
		};
		CD0BC6481FD0CCB10074B581 /* FancyAppUITests */ = {
			isa = PBXNativeTarget;
			buildConfigurationList = CD0BC6581FD0CCB10074B581 /* Build configuration list for PBXNativeTarget "FancyAppUITests" */;
			buildPhases = (
				E415A9A4798DF3EF4E5E2290 /* [CP] Check Pods Manifest.lock */,
				CD0BC6451FD0CCB10074B581 /* Sources */,
				CD0BC6461FD0CCB10074B581 /* Frameworks */,
				CD0BC6471FD0CCB10074B581 /* Resources */,
				07F261832412A2775B1DC67F /* [CP] Embed Pods Frameworks */,
				AA0604B7FA2163D8FEE5A6BD /* [CP] Copy Pods Resources */,
			);
			buildRules = (
			);
			dependencies = (
				CD0BC64B1FD0CCB10074B581 /* PBXTargetDependency */,
			);
			name = FancyAppUITests;
			productName = FancyAppUITests;
			productReference = CD0BC6491FD0CCB10074B581 /* FancyAppUITests.xctest */;
			productType = "com.apple.product-type.bundle.ui-testing";
		};
/* End PBXNativeTarget section */

/* Begin PBXProject section */
		CD0BC61C1FD0CCB10074B581 /* Project object */ = {
			isa = PBXProject;
			attributes = {
				LastSwiftUpdateCheck = 0910;
				LastUpgradeCheck = 0910;
				ORGANIZATIONNAME = microsoft;
				TargetAttributes = {
					CD0BC6231FD0CCB10074B581 = {
						CreatedOnToolsVersion = 9.1;
						ProvisioningStyle = Automatic;
					};
					CD0BC63D1FD0CCB10074B581 = {
						CreatedOnToolsVersion = 9.1;
						ProvisioningStyle = Automatic;
						TestTargetID = CD0BC6231FD0CCB10074B581;
					};
					CD0BC6481FD0CCB10074B581 = {
						CreatedOnToolsVersion = 9.1;
						ProvisioningStyle = Automatic;
						TestTargetID = CD0BC6231FD0CCB10074B581;
					};
				};
			};
			buildConfigurationList = CD0BC61F1FD0CCB10074B581 /* Build configuration list for PBXProject "FancyApp" */;
			compatibilityVersion = "Xcode 8.0";
			developmentRegion = en;
			hasScannedForEncodings = 0;
			knownRegions = (
				en,
				Base,
			);
			mainGroup = CD0BC61B1FD0CCB10074B581;
			productRefGroup = CD0BC6251FD0CCB10074B581 /* Products */;
			projectDirPath = "";
			projectRoot = "";
			targets = (
				CD0BC6231FD0CCB10074B581 /* FancyApp */,
				CD0BC63D1FD0CCB10074B581 /* FancyAppTests */,
				CD0BC6481FD0CCB10074B581 /* FancyAppUITests */,
			);
		};
/* End PBXProject section */

/* Begin PBXResourcesBuildPhase section */
		CD0BC6221FD0CCB10074B581 /* Resources */ = {
			isa = PBXResourcesBuildPhase;
			buildActionMask = 2147483647;
			files = (
				CD0BC6331FD0CCB10074B581 /* Main.storyboard in Resources */,
				CD0BC62A1FD0CCB10074B581 /* GameScene.sks in Resources */,
				CD0BC6351FD0CCB10074B581 /* Assets.xcassets in Resources */,
				CD0BC6381FD0CCB10074B581 /* LaunchScreen.storyboard in Resources */,
				CD0BC62C1FD0CCB10074B581 /* Actions.sks in Resources */,
			);
			runOnlyForDeploymentPostprocessing = 0;
		};
		CD0BC63C1FD0CCB10074B581 /* Resources */ = {
			isa = PBXResourcesBuildPhase;
			buildActionMask = 2147483647;
			files = (
			);
			runOnlyForDeploymentPostprocessing = 0;
		};
		CD0BC6471FD0CCB10074B581 /* Resources */ = {
			isa = PBXResourcesBuildPhase;
			buildActionMask = 2147483647;
			files = (
			);
			runOnlyForDeploymentPostprocessing = 0;
		};
/* End PBXResourcesBuildPhase section */

/* Begin PBXShellScriptBuildPhase section */
		07F261832412A2775B1DC67F /* [CP] Embed Pods Frameworks */ = {
			isa = PBXShellScriptBuildPhase;
			buildActionMask = 2147483647;
			files = (
			);
			inputPaths = (
			);
			name = "[CP] Embed Pods Frameworks";
			outputPaths = (
			);
			runOnlyForDeploymentPostprocessing = 0;
			shellPath = /bin/sh;
			shellScript = "\"${SRCROOT}/Pods/Target Support Files/Pods-FancyAppUITests/Pods-FancyAppUITests-frameworks.sh\"\n";
			showEnvVarsInLog = 0;
		};
		1D8656BAD0773137F83BFE33 /* [CP] Check Pods Manifest.lock */ = {
			isa = PBXShellScriptBuildPhase;
			buildActionMask = 2147483647;
			files = (
			);
			inputPaths = (
				"${PODS_PODFILE_DIR_PATH}/Podfile.lock",
				"${PODS_ROOT}/Manifest.lock",
			);
			name = "[CP] Check Pods Manifest.lock";
			outputPaths = (
				"$(DERIVED_FILE_DIR)/Pods-FancyApp-checkManifestLockResult.txt",
			);
			runOnlyForDeploymentPostprocessing = 0;
			shellPath = /bin/sh;
			shellScript = "diff \"${PODS_PODFILE_DIR_PATH}/Podfile.lock\" \"${PODS_ROOT}/Manifest.lock\" > /dev/null\nif [ $? != 0 ] ; then\n    # print error to STDERR\n    echo \"error: The sandbox is not in sync with the Podfile.lock. Run 'pod install' or update your CocoaPods installation.\" >&2\n    exit 1\nfi\n# This output is used by Xcode 'outputs' to avoid re-running this script phase.\necho \"SUCCESS\" > \"${SCRIPT_OUTPUT_FILE_0}\"\n";
			showEnvVarsInLog = 0;
		};
		3523F1B03A068D8A0501240B /* [CP] Check Pods Manifest.lock */ = {
			isa = PBXShellScriptBuildPhase;
			buildActionMask = 2147483647;
			files = (
			);
			inputPaths = (
				"${PODS_PODFILE_DIR_PATH}/Podfile.lock",
				"${PODS_ROOT}/Manifest.lock",
			);
			name = "[CP] Check Pods Manifest.lock";
			outputPaths = (
				"$(DERIVED_FILE_DIR)/Pods-FancyAppTests-checkManifestLockResult.txt",
			);
			runOnlyForDeploymentPostprocessing = 0;
			shellPath = /bin/sh;
			shellScript = "diff \"${PODS_PODFILE_DIR_PATH}/Podfile.lock\" \"${PODS_ROOT}/Manifest.lock\" > /dev/null\nif [ $? != 0 ] ; then\n    # print error to STDERR\n    echo \"error: The sandbox is not in sync with the Podfile.lock. Run 'pod install' or update your CocoaPods installation.\" >&2\n    exit 1\nfi\n# This output is used by Xcode 'outputs' to avoid re-running this script phase.\necho \"SUCCESS\" > \"${SCRIPT_OUTPUT_FILE_0}\"\n";
			showEnvVarsInLog = 0;
		};
		6DFF0514B6FA4374DDDA8E36 /* [CP] Embed Pods Frameworks */ = {
			isa = PBXShellScriptBuildPhase;
			buildActionMask = 2147483647;
			files = (
			);
			inputPaths = (
			);
			name = "[CP] Embed Pods Frameworks";
			outputPaths = (
			);
			runOnlyForDeploymentPostprocessing = 0;
			shellPath = /bin/sh;
			shellScript = "\"${SRCROOT}/Pods/Target Support Files/Pods-FancyAppTests/Pods-FancyAppTests-frameworks.sh\"\n";
			showEnvVarsInLog = 0;
		};
		88624FA936C02749CC18055D /* [CP] Copy Pods Resources */ = {
			isa = PBXShellScriptBuildPhase;
			buildActionMask = 2147483647;
			files = (
			);
			inputPaths = (
			);
			name = "[CP] Copy Pods Resources";
			outputPaths = (
			);
			runOnlyForDeploymentPostprocessing = 0;
			shellPath = /bin/sh;
			shellScript = "\"${SRCROOT}/Pods/Target Support Files/Pods-FancyApp/Pods-FancyApp-resources.sh\"\n";
			showEnvVarsInLog = 0;
		};
		AA0604B7FA2163D8FEE5A6BD /* [CP] Copy Pods Resources */ = {
			isa = PBXShellScriptBuildPhase;
			buildActionMask = 2147483647;
			files = (
			);
			inputPaths = (
			);
			name = "[CP] Copy Pods Resources";
			outputPaths = (
			);
			runOnlyForDeploymentPostprocessing = 0;
			shellPath = /bin/sh;
			shellScript = "\"${SRCROOT}/Pods/Target Support Files/Pods-FancyAppUITests/Pods-FancyAppUITests-resources.sh\"\n";
			showEnvVarsInLog = 0;
		};
		AD3D65F0A41B3BC13DD11D92 /* [CP] Embed Pods Frameworks */ = {
			isa = PBXShellScriptBuildPhase;
			buildActionMask = 2147483647;
			files = (
			);
			inputPaths = (
			);
			name = "[CP] Embed Pods Frameworks";
			outputPaths = (
			);
			runOnlyForDeploymentPostprocessing = 0;
			shellPath = /bin/sh;
			shellScript = "\"${SRCROOT}/Pods/Target Support Files/Pods-FancyApp/Pods-FancyApp-frameworks.sh\"\n";
			showEnvVarsInLog = 0;
		};
		BEC5700EA8184D58BC8ABA7F /* [CP] Copy Pods Resources */ = {
			isa = PBXShellScriptBuildPhase;
			buildActionMask = 2147483647;
			files = (
			);
			inputPaths = (
			);
			name = "[CP] Copy Pods Resources";
			outputPaths = (
			);
			runOnlyForDeploymentPostprocessing = 0;
			shellPath = /bin/sh;
			shellScript = "\"${SRCROOT}/Pods/Target Support Files/Pods-FancyAppTests/Pods-FancyAppTests-resources.sh\"\n";
			showEnvVarsInLog = 0;
		};
		E415A9A4798DF3EF4E5E2290 /* [CP] Check Pods Manifest.lock */ = {
			isa = PBXShellScriptBuildPhase;
			buildActionMask = 2147483647;
			files = (
			);
			inputPaths = (
				"${PODS_PODFILE_DIR_PATH}/Podfile.lock",
				"${PODS_ROOT}/Manifest.lock",
			);
			name = "[CP] Check Pods Manifest.lock";
			outputPaths = (
				"$(DERIVED_FILE_DIR)/Pods-FancyAppUITests-checkManifestLockResult.txt",
			);
			runOnlyForDeploymentPostprocessing = 0;
			shellPath = /bin/sh;
			shellScript = "diff \"${PODS_PODFILE_DIR_PATH}/Podfile.lock\" \"${PODS_ROOT}/Manifest.lock\" > /dev/null\nif [ $? != 0 ] ; then\n    # print error to STDERR\n    echo \"error: The sandbox is not in sync with the Podfile.lock. Run 'pod install' or update your CocoaPods installation.\" >&2\n    exit 1\nfi\n# This output is used by Xcode 'outputs' to avoid re-running this script phase.\necho \"SUCCESS\" > \"${SCRIPT_OUTPUT_FILE_0}\"\n";
			showEnvVarsInLog = 0;
		};
/* End PBXShellScriptBuildPhase section */

/* Begin PBXSourcesBuildPhase section */
		CD0BC6201FD0CCB10074B581 /* Sources */ = {
			isa = PBXSourcesBuildPhase;
			buildActionMask = 2147483647;
			files = (
				CD0BC62E1FD0CCB10074B581 /* GameScene.swift in Sources */,
				CD0BC6301FD0CCB10074B581 /* GameViewController.swift in Sources */,
				CD0BC6281FD0CCB10074B581 /* AppDelegate.swift in Sources */,
			);
			runOnlyForDeploymentPostprocessing = 0;
		};
		CD0BC63A1FD0CCB10074B581 /* Sources */ = {
			isa = PBXSourcesBuildPhase;
			buildActionMask = 2147483647;
			files = (
				CD0BC6431FD0CCB10074B581 /* FancyAppTests.swift in Sources */,
			);
			runOnlyForDeploymentPostprocessing = 0;
		};
		CD0BC6451FD0CCB10074B581 /* Sources */ = {
			isa = PBXSourcesBuildPhase;
			buildActionMask = 2147483647;
			files = (
				CD0BC64E1FD0CCB10074B581 /* FancyAppUITests.swift in Sources */,
			);
			runOnlyForDeploymentPostprocessing = 0;
		};
/* End PBXSourcesBuildPhase section */

/* Begin PBXTargetDependency section */
		CD0BC6401FD0CCB10074B581 /* PBXTargetDependency */ = {
			isa = PBXTargetDependency;
			target = CD0BC6231FD0CCB10074B581 /* FancyApp */;
			targetProxy = CD0BC63F1FD0CCB10074B581 /* PBXContainerItemProxy */;
		};
		CD0BC64B1FD0CCB10074B581 /* PBXTargetDependency */ = {
			isa = PBXTargetDependency;
			target = CD0BC6231FD0CCB10074B581 /* FancyApp */;
			targetProxy = CD0BC64A1FD0CCB10074B581 /* PBXContainerItemProxy */;
		};
/* End PBXTargetDependency section */

/* Begin PBXVariantGroup section */
		CD0BC6311FD0CCB10074B581 /* Main.storyboard */ = {
			isa = PBXVariantGroup;
			children = (
				CD0BC6321FD0CCB10074B581 /* Base */,
			);
			name = Main.storyboard;
			sourceTree = "<group>";
		};
		CD0BC6361FD0CCB10074B581 /* LaunchScreen.storyboard */ = {
			isa = PBXVariantGroup;
			children = (
				CD0BC6371FD0CCB10074B581 /* Base */,
			);
			name = LaunchScreen.storyboard;
			sourceTree = "<group>";
		};
/* End PBXVariantGroup section */

/* Begin XCBuildConfiguration section */
		CD0BC6501FD0CCB10074B581 /* Debug */ = {
			isa = XCBuildConfiguration;
			buildSettings = {
				ALWAYS_SEARCH_USER_PATHS = NO;
				CLANG_ANALYZER_NONNULL = YES;
				CLANG_ANALYZER_NUMBER_OBJECT_CONVERSION = YES_AGGRESSIVE;
				CLANG_CXX_LANGUAGE_STANDARD = "gnu++14";
				CLANG_CXX_LIBRARY = "libc++";
				CLANG_ENABLE_MODULES = YES;
				CLANG_ENABLE_OBJC_ARC = YES;
				CLANG_WARN_BLOCK_CAPTURE_AUTORELEASING = YES;
				CLANG_WARN_BOOL_CONVERSION = YES;
				CLANG_WARN_COMMA = YES;
				CLANG_WARN_CONSTANT_CONVERSION = YES;
				CLANG_WARN_DIRECT_OBJC_ISA_USAGE = YES_ERROR;
				CLANG_WARN_DOCUMENTATION_COMMENTS = YES;
				CLANG_WARN_EMPTY_BODY = YES;
				CLANG_WARN_ENUM_CONVERSION = YES;
				CLANG_WARN_INFINITE_RECURSION = YES;
				CLANG_WARN_INT_CONVERSION = YES;
				CLANG_WARN_NON_LITERAL_NULL_CONVERSION = YES;
				CLANG_WARN_OBJC_LITERAL_CONVERSION = YES;
				CLANG_WARN_OBJC_ROOT_CLASS = YES_ERROR;
				CLANG_WARN_RANGE_LOOP_ANALYSIS = YES;
				CLANG_WARN_STRICT_PROTOTYPES = YES;
				CLANG_WARN_SUSPICIOUS_MOVE = YES;
				CLANG_WARN_UNGUARDED_AVAILABILITY = YES_AGGRESSIVE;
				CLANG_WARN_UNREACHABLE_CODE = YES;
				CLANG_WARN__DUPLICATE_METHOD_MATCH = YES;
				CODE_SIGN_IDENTITY = "iPhone Developer";
				COPY_PHASE_STRIP = NO;
				DEBUG_INFORMATION_FORMAT = dwarf;
				ENABLE_STRICT_OBJC_MSGSEND = YES;
				ENABLE_TESTABILITY = YES;
				GCC_C_LANGUAGE_STANDARD = gnu11;
				GCC_DYNAMIC_NO_PIC = NO;
				GCC_NO_COMMON_BLOCKS = YES;
				GCC_OPTIMIZATION_LEVEL = 0;
				GCC_PREPROCESSOR_DEFINITIONS = (
					"DEBUG=1",
					"$(inherited)",
				);
				GCC_WARN_64_TO_32_BIT_CONVERSION = YES;
				GCC_WARN_ABOUT_RETURN_TYPE = YES_ERROR;
				GCC_WARN_UNDECLARED_SELECTOR = YES;
				GCC_WARN_UNINITIALIZED_AUTOS = YES_AGGRESSIVE;
				GCC_WARN_UNUSED_FUNCTION = YES;
				GCC_WARN_UNUSED_VARIABLE = YES;
				IPHONEOS_DEPLOYMENT_TARGET = 11.1;
				MTL_ENABLE_DEBUG_INFO = YES;
				ONLY_ACTIVE_ARCH = YES;
				SDKROOT = iphoneos;
				SWIFT_ACTIVE_COMPILATION_CONDITIONS = DEBUG;
				SWIFT_OPTIMIZATION_LEVEL = "-Onone";
			};
			name = Debug;
		};
		CD0BC6511FD0CCB10074B581 /* Release */ = {
			isa = XCBuildConfiguration;
			buildSettings = {
				ALWAYS_SEARCH_USER_PATHS = NO;
				CLANG_ANALYZER_NONNULL = YES;
				CLANG_ANALYZER_NUMBER_OBJECT_CONVERSION = YES_AGGRESSIVE;
				CLANG_CXX_LANGUAGE_STANDARD = "gnu++14";
				CLANG_CXX_LIBRARY = "libc++";
				CLANG_ENABLE_MODULES = YES;
				CLANG_ENABLE_OBJC_ARC = YES;
				CLANG_WARN_BLOCK_CAPTURE_AUTORELEASING = YES;
				CLANG_WARN_BOOL_CONVERSION = YES;
				CLANG_WARN_COMMA = YES;
				CLANG_WARN_CONSTANT_CONVERSION = YES;
				CLANG_WARN_DIRECT_OBJC_ISA_USAGE = YES_ERROR;
				CLANG_WARN_DOCUMENTATION_COMMENTS = YES;
				CLANG_WARN_EMPTY_BODY = YES;
				CLANG_WARN_ENUM_CONVERSION = YES;
				CLANG_WARN_INFINITE_RECURSION = YES;
				CLANG_WARN_INT_CONVERSION = YES;
				CLANG_WARN_NON_LITERAL_NULL_CONVERSION = YES;
				CLANG_WARN_OBJC_LITERAL_CONVERSION = YES;
				CLANG_WARN_OBJC_ROOT_CLASS = YES_ERROR;
				CLANG_WARN_RANGE_LOOP_ANALYSIS = YES;
				CLANG_WARN_STRICT_PROTOTYPES = YES;
				CLANG_WARN_SUSPICIOUS_MOVE = YES;
				CLANG_WARN_UNGUARDED_AVAILABILITY = YES_AGGRESSIVE;
				CLANG_WARN_UNREACHABLE_CODE = YES;
				CLANG_WARN__DUPLICATE_METHOD_MATCH = YES;
				CODE_SIGN_IDENTITY = "iPhone Developer";
				COPY_PHASE_STRIP = NO;
				DEBUG_INFORMATION_FORMAT = "dwarf-with-dsym";
				ENABLE_NS_ASSERTIONS = NO;
				ENABLE_STRICT_OBJC_MSGSEND = YES;
				GCC_C_LANGUAGE_STANDARD = gnu11;
				GCC_NO_COMMON_BLOCKS = YES;
				GCC_WARN_64_TO_32_BIT_CONVERSION = YES;
				GCC_WARN_ABOUT_RETURN_TYPE = YES_ERROR;
				GCC_WARN_UNDECLARED_SELECTOR = YES;
				GCC_WARN_UNINITIALIZED_AUTOS = YES_AGGRESSIVE;
				GCC_WARN_UNUSED_FUNCTION = YES;
				GCC_WARN_UNUSED_VARIABLE = YES;
				IPHONEOS_DEPLOYMENT_TARGET = 11.1;
				MTL_ENABLE_DEBUG_INFO = NO;
				SDKROOT = iphoneos;
				SWIFT_OPTIMIZATION_LEVEL = "-Owholemodule";
				VALIDATE_PRODUCT = YES;
			};
			name = Release;
		};
		CD0BC6531FD0CCB10074B581 /* Debug */ = {
			isa = XCBuildConfiguration;
			baseConfigurationReference = A02BB46D84CE1BFDDCB29306 /* Pods-FancyApp.debug.xcconfig */;
			buildSettings = {
				ASSETCATALOG_COMPILER_APPICON_NAME = AppIcon;
				CODE_SIGN_STYLE = Automatic;
				DEVELOPMENT_TEAM = 945UQMJ9BV;
				INFOPLIST_FILE = FancyApp/Info.plist;
				LD_RUNPATH_SEARCH_PATHS = "$(inherited) @executable_path/Frameworks";
				PRODUCT_BUNDLE_IDENTIFIER = microsoft.FancyAppDemo;
				PRODUCT_NAME = "$(TARGET_NAME)";
				SWIFT_VERSION = 4.0;
				TARGETED_DEVICE_FAMILY = "1,2";
			};
			name = Debug;
		};
		CD0BC6541FD0CCB10074B581 /* Release */ = {
			isa = XCBuildConfiguration;
			baseConfigurationReference = ACE77F78657A65AF8D30CB71 /* Pods-FancyApp.release.xcconfig */;
			buildSettings = {
				ASSETCATALOG_COMPILER_APPICON_NAME = AppIcon;
				CODE_SIGN_STYLE = Automatic;
				DEVELOPMENT_TEAM = 945UQMJ9BV;
				INFOPLIST_FILE = FancyApp/Info.plist;
				LD_RUNPATH_SEARCH_PATHS = "$(inherited) @executable_path/Frameworks";
				PRODUCT_BUNDLE_IDENTIFIER = microsoft.FancyAppDemo;
				PRODUCT_NAME = "$(TARGET_NAME)";
				SWIFT_VERSION = 4.0;
				TARGETED_DEVICE_FAMILY = "1,2";
			};
			name = Release;
		};
		CD0BC6561FD0CCB10074B581 /* Debug */ = {
			isa = XCBuildConfiguration;
			baseConfigurationReference = DD4AB8E1A6C0BD31AC08B772 /* Pods-FancyAppTests.debug.xcconfig */;
			buildSettings = {
				ALWAYS_EMBED_SWIFT_STANDARD_LIBRARIES = YES;
				BUNDLE_LOADER = "$(TEST_HOST)";
				CODE_SIGN_STYLE = Automatic;
				DEVELOPMENT_TEAM = 945UQMJ9BV;
				INFOPLIST_FILE = FancyAppTests/Info.plist;
				LD_RUNPATH_SEARCH_PATHS = "$(inherited) @executable_path/Frameworks @loader_path/Frameworks";
				PRODUCT_BUNDLE_IDENTIFIER = microsoft.FancyAppTests;
				PRODUCT_NAME = "$(TARGET_NAME)";
				SWIFT_VERSION = 4.0;
				TARGETED_DEVICE_FAMILY = "1,2";
				TEST_HOST = "$(BUILT_PRODUCTS_DIR)/FancyApp.app/FancyApp";
			};
			name = Debug;
		};
		CD0BC6571FD0CCB10074B581 /* Release */ = {
			isa = XCBuildConfiguration;
			baseConfigurationReference = 7C5D614183B046349E1D8D11 /* Pods-FancyAppTests.release.xcconfig */;
			buildSettings = {
				ALWAYS_EMBED_SWIFT_STANDARD_LIBRARIES = YES;
				BUNDLE_LOADER = "$(TEST_HOST)";
				CODE_SIGN_STYLE = Automatic;
				DEVELOPMENT_TEAM = 945UQMJ9BV;
				INFOPLIST_FILE = FancyAppTests/Info.plist;
				LD_RUNPATH_SEARCH_PATHS = "$(inherited) @executable_path/Frameworks @loader_path/Frameworks";
				PRODUCT_BUNDLE_IDENTIFIER = microsoft.FancyAppTests;
				PRODUCT_NAME = "$(TARGET_NAME)";
				SWIFT_VERSION = 4.0;
				TARGETED_DEVICE_FAMILY = "1,2";
				TEST_HOST = "$(BUILT_PRODUCTS_DIR)/FancyApp.app/FancyApp";
			};
			name = Release;
		};
		CD0BC6591FD0CCB10074B581 /* Debug */ = {
			isa = XCBuildConfiguration;
			baseConfigurationReference = D8B1FBA3537677D7374B58E0 /* Pods-FancyAppUITests.debug.xcconfig */;
			buildSettings = {
				ALWAYS_EMBED_SWIFT_STANDARD_LIBRARIES = YES;
				CODE_SIGN_STYLE = Automatic;
				DEVELOPMENT_TEAM = 945UQMJ9BV;
				INFOPLIST_FILE = FancyAppUITests/Info.plist;
				LD_RUNPATH_SEARCH_PATHS = "$(inherited) @executable_path/Frameworks @loader_path/Frameworks";
				PRODUCT_BUNDLE_IDENTIFIER = microsoft.FancyAppUITests;
				PRODUCT_NAME = "$(TARGET_NAME)";
				SWIFT_VERSION = 4.0;
				TARGETED_DEVICE_FAMILY = "1,2";
				TEST_TARGET_NAME = FancyApp;
			};
			name = Debug;
		};
		CD0BC65A1FD0CCB10074B581 /* Release */ = {
			isa = XCBuildConfiguration;
			baseConfigurationReference = 2FC887B51E0AA47CE066CD54 /* Pods-FancyAppUITests.release.xcconfig */;
			buildSettings = {
				ALWAYS_EMBED_SWIFT_STANDARD_LIBRARIES = YES;
				CODE_SIGN_STYLE = Automatic;
				DEVELOPMENT_TEAM = 945UQMJ9BV;
				INFOPLIST_FILE = FancyAppUITests/Info.plist;
				LD_RUNPATH_SEARCH_PATHS = "$(inherited) @executable_path/Frameworks @loader_path/Frameworks";
				PRODUCT_BUNDLE_IDENTIFIER = microsoft.FancyAppUITests;
				PRODUCT_NAME = "$(TARGET_NAME)";
				SWIFT_VERSION = 4.0;
				TARGETED_DEVICE_FAMILY = "1,2";
				TEST_TARGET_NAME = FancyApp;
			};
			name = Release;
		};
/* End XCBuildConfiguration section */

/* Begin XCConfigurationList section */
		CD0BC61F1FD0CCB10074B581 /* Build configuration list for PBXProject "FancyApp" */ = {
			isa = XCConfigurationList;
			buildConfigurations = (
				CD0BC6501FD0CCB10074B581 /* Debug */,
				CD0BC6511FD0CCB10074B581 /* Release */,
			);
			defaultConfigurationIsVisible = 0;
			defaultConfigurationName = Release;
		};
		CD0BC6521FD0CCB10074B581 /* Build configuration list for PBXNativeTarget "FancyApp" */ = {
			isa = XCConfigurationList;
			buildConfigurations = (
				CD0BC6531FD0CCB10074B581 /* Debug */,
				CD0BC6541FD0CCB10074B581 /* Release */,
			);
			defaultConfigurationIsVisible = 0;
			defaultConfigurationName = Release;
		};
		CD0BC6551FD0CCB10074B581 /* Build configuration list for PBXNativeTarget "FancyAppTests" */ = {
			isa = XCConfigurationList;
			buildConfigurations = (
				CD0BC6561FD0CCB10074B581 /* Debug */,
				CD0BC6571FD0CCB10074B581 /* Release */,
			);
			defaultConfigurationIsVisible = 0;
			defaultConfigurationName = Release;
		};
		CD0BC6581FD0CCB10074B581 /* Build configuration list for PBXNativeTarget "FancyAppUITests" */ = {
			isa = XCConfigurationList;
			buildConfigurations = (
				CD0BC6591FD0CCB10074B581 /* Debug */,
				CD0BC65A1FD0CCB10074B581 /* Release */,
			);
			defaultConfigurationIsVisible = 0;
			defaultConfigurationName = Release;
		};
/* End XCConfigurationList section */
	};
	rootObject = CD0BC61C1FD0CCB10074B581 /* Project object */;
}
